
Microsoft Visual Studio Solution File, Format Version 12.00
# Visual Studio Version 17
VisualStudioVersion = 17.0.31919.166
MinimumVisualStudioVersion = 10.0.40219.1
Project("{9A19103F-16F7-4668-BE54-9A1E7A4F7556}") = "HotelListing", "HotelListing\HotelListing.csproj", "{13BBCB89-8B51-40C0-8F4A-DAA8018E0727}"
EndProject
Global
	GlobalSection(SolutionConfigurationPlatforms) = preSolution
		Debug|Any CPU = Debug|Any CPU
		Release|Any CPU = Release|Any CPU
	EndGlobalSection
	GlobalSection(ProjectConfigurationPlatforms) = postSolution
		{13BBCB89-8B51-40C0-8F4A-DAA8018E0727}.Debug|Any CPU.ActiveCfg = Debug|Any CPU
		{13BBCB89-8B51-40C0-8F4A-DAA8018E0727}.Debug|Any CPU.Build.0 = Debug|Any CPU
		{13BBCB89-8B51-40C0-8F4A-DAA8018E0727}.Release|Any CPU.ActiveCfg = Release|Any CPU
		{13BBCB89-8B51-40C0-8F4A-DAA8018E0727}.Release|Any CPU.Build.0 = Release|Any CPU
	EndGlobalSection
	GlobalSection(SolutionProperties) = preSolution
		HideSolutionNode = FALSE
	EndGlobalSection
	GlobalSection(ExtensibilityGlobals) = postSolution
		SolutionGuid = {EEA14DAB-8BAB-4501-A80F-1390EEEDB715}
	EndGlobalSection
EndGlobal
